// !$*UTF8*$!
{
	archiveVersion = 1;
	classes = {
	};
	objectVersion = 55;
	objects = {

/* Begin PBXBuildFile section */
		FA8F0F19285F97F700967BDD /* BaluchonApp.swift in Sources */ = {isa = PBXBuildFile; fileRef = FA8F0F18285F97F700967BDD /* BaluchonApp.swift */; };
		FA8F0F1B285F97F700967BDD /* ContentView.swift in Sources */ = {isa = PBXBuildFile; fileRef = FA8F0F1A285F97F700967BDD /* ContentView.swift */; };
		FA8F0F1D285F97F800967BDD /* Assets.xcassets in Resources */ = {isa = PBXBuildFile; fileRef = FA8F0F1C285F97F800967BDD /* Assets.xcassets */; };
		FA8F0F20285F97F800967BDD /* Preview Assets.xcassets in Resources */ = {isa = PBXBuildFile; fileRef = FA8F0F1F285F97F800967BDD /* Preview Assets.xcassets */; };
		FA8F0F34285F97F800967BDD /* BaluchonUITests.swift in Sources */ = {isa = PBXBuildFile; fileRef = FA8F0F33285F97F800967BDD /* BaluchonUITests.swift */; };
		FA8F0F36285F97F800967BDD /* BaluchonUITestsLaunchTests.swift in Sources */ = {isa = PBXBuildFile; fileRef = FA8F0F35285F97F800967BDD /* BaluchonUITestsLaunchTests.swift */; };
		FA8F0F45285F9A4F00967BDD /* ApiService.swift in Sources */ = {isa = PBXBuildFile; fileRef = FA8F0F44285F9A4F00967BDD /* ApiService.swift */; };
		FA8F0F4E285F9C8600967BDD /* CurrencyView.swift in Sources */ = {isa = PBXBuildFile; fileRef = FA8F0F4D285F9C8600967BDD /* CurrencyView.swift */; };
		FA8F0F52285F9CBC00967BDD /* WeatherView.swift in Sources */ = {isa = PBXBuildFile; fileRef = FA8F0F51285F9CBC00967BDD /* WeatherView.swift */; };
		FA8F0F54285F9D0600967BDD /* LoaderView.swift in Sources */ = {isa = PBXBuildFile; fileRef = FA8F0F53285F9D0600967BDD /* LoaderView.swift */; };
		FA8F0F56285FA01D00967BDD /* CurrencyService.swift in Sources */ = {isa = PBXBuildFile; fileRef = FA8F0F55285FA01D00967BDD /* CurrencyService.swift */; };
		FA8F0F58285FA03F00967BDD /* Currency.swift in Sources */ = {isa = PBXBuildFile; fileRef = FA8F0F57285FA03F00967BDD /* Currency.swift */; };
		FA8F0F5A285FA13300967BDD /* CurrencyViewModel.swift in Sources */ = {isa = PBXBuildFile; fileRef = FA8F0F59285FA13300967BDD /* CurrencyViewModel.swift */; };
		FA8F0F5C285FA4A000967BDD /* CurrencyViewModelTests.swift in Sources */ = {isa = PBXBuildFile; fileRef = FA8F0F5B285FA4A000967BDD /* CurrencyViewModelTests.swift */; };
		FA8F0F5E285FA64400967BDD /* TranslationService.swift in Sources */ = {isa = PBXBuildFile; fileRef = FA8F0F5D285FA64400967BDD /* TranslationService.swift */; };
		FA8F0F60285FA66C00967BDD /* Translation.swift in Sources */ = {isa = PBXBuildFile; fileRef = FA8F0F5F285FA66C00967BDD /* Translation.swift */; };
		FA8F0F62285FA71C00967BDD /* TranslationViewModel.swift in Sources */ = {isa = PBXBuildFile; fileRef = FA8F0F61285FA71C00967BDD /* TranslationViewModel.swift */; };
		FA8F0F64285FA79600967BDD /* TranslationView.swift in Sources */ = {isa = PBXBuildFile; fileRef = FA8F0F63285FA79600967BDD /* TranslationView.swift */; };
		FA8F0F66285FBA5500967BDD /* Weather.swift in Sources */ = {isa = PBXBuildFile; fileRef = FA8F0F65285FBA5500967BDD /* Weather.swift */; };
		FA8F0F68285FBAC200967BDD /* WeatherService.swift in Sources */ = {isa = PBXBuildFile; fileRef = FA8F0F67285FBAC200967BDD /* WeatherService.swift */; };
		FA8F0F6A285FBB4700967BDD /* WeatherViewModel.swift in Sources */ = {isa = PBXBuildFile; fileRef = FA8F0F69285FBB4700967BDD /* WeatherViewModel.swift */; };
		FACFFA182868515E0067ACE2 /* WeatherViewModelTests.swift in Sources */ = {isa = PBXBuildFile; fileRef = FACFFA172868515E0067ACE2 /* WeatherViewModelTests.swift */; };
		FACFFA1A286851840067ACE2 /* TranslationViewModelTests.swift in Sources */ = {isa = PBXBuildFile; fileRef = FACFFA19286851840067ACE2 /* TranslationViewModelTests.swift */; };
		FACFFA1D286A01E90067ACE2 /* Localizable.strings in Resources */ = {isa = PBXBuildFile; fileRef = FACFFA1F286A01E90067ACE2 /* Localizable.strings */; };
		FAD2F100286E16450005621E /* MockCurrencyService.swift in Sources */ = {isa = PBXBuildFile; fileRef = FAD2F0FF286E16450005621E /* MockCurrencyService.swift */; };
		FAD2F102286E16B10005621E /* MockWeatherService.swift in Sources */ = {isa = PBXBuildFile; fileRef = FAD2F101286E16B10005621E /* MockWeatherService.swift */; };
		FAD2F104286E17010005621E /* MockTranslationService.swift in Sources */ = {isa = PBXBuildFile; fileRef = FAD2F103286E17010005621E /* MockTranslationService.swift */; };
/* End PBXBuildFile section */

/* Begin PBXContainerItemProxy section */
		FA8F0F26285F97F800967BDD /* PBXContainerItemProxy */ = {
			isa = PBXContainerItemProxy;
			containerPortal = FA8F0F0D285F97F700967BDD /* Project object */;
			proxyType = 1;
			remoteGlobalIDString = FA8F0F14285F97F700967BDD;
			remoteInfo = Baluchon;
		};
		FA8F0F30285F97F800967BDD /* PBXContainerItemProxy */ = {
			isa = PBXContainerItemProxy;
			containerPortal = FA8F0F0D285F97F700967BDD /* Project object */;
			proxyType = 1;
			remoteGlobalIDString = FA8F0F14285F97F700967BDD;
			remoteInfo = Baluchon;
		};
/* End PBXContainerItemProxy section */

/* Begin PBXFileReference section */
		FA8F0F15285F97F700967BDD /* Baluchon.app */ = {isa = PBXFileReference; explicitFileType = wrapper.application; includeInIndex = 0; path = Baluchon.app; sourceTree = BUILT_PRODUCTS_DIR; };
		FA8F0F18285F97F700967BDD /* BaluchonApp.swift */ = {isa = PBXFileReference; lastKnownFileType = sourcecode.swift; path = BaluchonApp.swift; sourceTree = "<group>"; };
		FA8F0F1A285F97F700967BDD /* ContentView.swift */ = {isa = PBXFileReference; lastKnownFileType = sourcecode.swift; path = ContentView.swift; sourceTree = "<group>"; };
		FA8F0F1C285F97F800967BDD /* Assets.xcassets */ = {isa = PBXFileReference; lastKnownFileType = folder.assetcatalog; path = Assets.xcassets; sourceTree = "<group>"; };
		FA8F0F1F285F97F800967BDD /* Preview Assets.xcassets */ = {isa = PBXFileReference; lastKnownFileType = folder.assetcatalog; path = "Preview Assets.xcassets"; sourceTree = "<group>"; };
		FA8F0F25285F97F800967BDD /* BaluchonTests.xctest */ = {isa = PBXFileReference; explicitFileType = wrapper.cfbundle; includeInIndex = 0; path = BaluchonTests.xctest; sourceTree = BUILT_PRODUCTS_DIR; };
		FA8F0F2F285F97F800967BDD /* BaluchonUITests.xctest */ = {isa = PBXFileReference; explicitFileType = wrapper.cfbundle; includeInIndex = 0; path = BaluchonUITests.xctest; sourceTree = BUILT_PRODUCTS_DIR; };
		FA8F0F33285F97F800967BDD /* BaluchonUITests.swift */ = {isa = PBXFileReference; lastKnownFileType = sourcecode.swift; path = BaluchonUITests.swift; sourceTree = "<group>"; };
		FA8F0F35285F97F800967BDD /* BaluchonUITestsLaunchTests.swift */ = {isa = PBXFileReference; lastKnownFileType = sourcecode.swift; path = BaluchonUITestsLaunchTests.swift; sourceTree = "<group>"; };
		FA8F0F44285F9A4F00967BDD /* ApiService.swift */ = {isa = PBXFileReference; lastKnownFileType = sourcecode.swift; path = ApiService.swift; sourceTree = "<group>"; };
		FA8F0F4D285F9C8600967BDD /* CurrencyView.swift */ = {isa = PBXFileReference; lastKnownFileType = sourcecode.swift; path = CurrencyView.swift; sourceTree = "<group>"; };
		FA8F0F51285F9CBC00967BDD /* WeatherView.swift */ = {isa = PBXFileReference; lastKnownFileType = sourcecode.swift; path = WeatherView.swift; sourceTree = "<group>"; };
		FA8F0F53285F9D0600967BDD /* LoaderView.swift */ = {isa = PBXFileReference; lastKnownFileType = sourcecode.swift; path = LoaderView.swift; sourceTree = "<group>"; };
		FA8F0F55285FA01D00967BDD /* CurrencyService.swift */ = {isa = PBXFileReference; lastKnownFileType = sourcecode.swift; path = CurrencyService.swift; sourceTree = "<group>"; };
		FA8F0F57285FA03F00967BDD /* Currency.swift */ = {isa = PBXFileReference; lastKnownFileType = sourcecode.swift; path = Currency.swift; sourceTree = "<group>"; };
		FA8F0F59285FA13300967BDD /* CurrencyViewModel.swift */ = {isa = PBXFileReference; lastKnownFileType = sourcecode.swift; path = CurrencyViewModel.swift; sourceTree = "<group>"; };
		FA8F0F5B285FA4A000967BDD /* CurrencyViewModelTests.swift */ = {isa = PBXFileReference; lastKnownFileType = sourcecode.swift; path = CurrencyViewModelTests.swift; sourceTree = "<group>"; };
		FA8F0F5D285FA64400967BDD /* TranslationService.swift */ = {isa = PBXFileReference; lastKnownFileType = sourcecode.swift; path = TranslationService.swift; sourceTree = "<group>"; };
		FA8F0F5F285FA66C00967BDD /* Translation.swift */ = {isa = PBXFileReference; lastKnownFileType = sourcecode.swift; path = Translation.swift; sourceTree = "<group>"; };
		FA8F0F61285FA71C00967BDD /* TranslationViewModel.swift */ = {isa = PBXFileReference; lastKnownFileType = sourcecode.swift; path = TranslationViewModel.swift; sourceTree = "<group>"; };
		FA8F0F63285FA79600967BDD /* TranslationView.swift */ = {isa = PBXFileReference; lastKnownFileType = sourcecode.swift; path = TranslationView.swift; sourceTree = "<group>"; };
		FA8F0F65285FBA5500967BDD /* Weather.swift */ = {isa = PBXFileReference; lastKnownFileType = sourcecode.swift; path = Weather.swift; sourceTree = "<group>"; };
		FA8F0F67285FBAC200967BDD /* WeatherService.swift */ = {isa = PBXFileReference; lastKnownFileType = sourcecode.swift; path = WeatherService.swift; sourceTree = "<group>"; };
		FA8F0F69285FBB4700967BDD /* WeatherViewModel.swift */ = {isa = PBXFileReference; lastKnownFileType = sourcecode.swift; path = WeatherViewModel.swift; sourceTree = "<group>"; };
		FACFFA172868515E0067ACE2 /* WeatherViewModelTests.swift */ = {isa = PBXFileReference; lastKnownFileType = sourcecode.swift; path = WeatherViewModelTests.swift; sourceTree = "<group>"; };
		FACFFA19286851840067ACE2 /* TranslationViewModelTests.swift */ = {isa = PBXFileReference; lastKnownFileType = sourcecode.swift; path = TranslationViewModelTests.swift; sourceTree = "<group>"; };
		FACFFA1E286A01E90067ACE2 /* en */ = {isa = PBXFileReference; lastKnownFileType = text.plist.strings; name = en; path = en.lproj/Localizable.strings; sourceTree = "<group>"; };
		FACFFA20286A022B0067ACE2 /* fr */ = {isa = PBXFileReference; lastKnownFileType = text.plist.strings; name = fr; path = fr.lproj/Localizable.strings; sourceTree = "<group>"; };
		FAD2F0FF286E16450005621E /* MockCurrencyService.swift */ = {isa = PBXFileReference; lastKnownFileType = sourcecode.swift; path = MockCurrencyService.swift; sourceTree = "<group>"; };
		FAD2F101286E16B10005621E /* MockWeatherService.swift */ = {isa = PBXFileReference; lastKnownFileType = sourcecode.swift; path = MockWeatherService.swift; sourceTree = "<group>"; };
		FAD2F103286E17010005621E /* MockTranslationService.swift */ = {isa = PBXFileReference; lastKnownFileType = sourcecode.swift; path = MockTranslationService.swift; sourceTree = "<group>"; };
/* End PBXFileReference section */

/* Begin PBXFrameworksBuildPhase section */
		FA8F0F12285F97F700967BDD /* Frameworks */ = {
			isa = PBXFrameworksBuildPhase;
			buildActionMask = 2147483647;
			files = (
			);
			runOnlyForDeploymentPostprocessing = 0;
		};
		FA8F0F22285F97F800967BDD /* Frameworks */ = {
			isa = PBXFrameworksBuildPhase;
			buildActionMask = 2147483647;
			files = (
			);
			runOnlyForDeploymentPostprocessing = 0;
		};
		FA8F0F2C285F97F800967BDD /* Frameworks */ = {
			isa = PBXFrameworksBuildPhase;
			buildActionMask = 2147483647;
			files = (
			);
			runOnlyForDeploymentPostprocessing = 0;
		};
/* End PBXFrameworksBuildPhase section */

/* Begin PBXGroup section */
		FA8F0F0C285F97F700967BDD = {
			isa = PBXGroup;
			children = (
				FA8F0F17285F97F700967BDD /* Baluchon */,
				FA8F0F28285F97F800967BDD /* BaluchonTests */,
				FA8F0F32285F97F800967BDD /* BaluchonUITests */,
				FA8F0F16285F97F700967BDD /* Products */,
			);
			sourceTree = "<group>";
		};
		FA8F0F16285F97F700967BDD /* Products */ = {
			isa = PBXGroup;
			children = (
				FA8F0F15285F97F700967BDD /* Baluchon.app */,
				FA8F0F25285F97F800967BDD /* BaluchonTests.xctest */,
				FA8F0F2F285F97F800967BDD /* BaluchonUITests.xctest */,
			);
			name = Products;
			sourceTree = "<group>";
		};
		FA8F0F17285F97F700967BDD /* Baluchon */ = {
			isa = PBXGroup;
			children = (
				FA8F0F18285F97F700967BDD /* BaluchonApp.swift */,
				FA8F0F42285F9A0C00967BDD /* Network */,
				FA8F0F48285F9AA100967BDD /* Model */,
				FA8F0F49285F9AC200967BDD /* View */,
				FA8F0F4B285F9AD800967BDD /* ViewModel */,
				FA8F0F4C285F9AFA00967BDD /* Supporting Files */,
				FA8F0F1E285F97F800967BDD /* Preview Content */,
				FACFFA1F286A01E90067ACE2 /* Localizable.strings */,
			);
			path = Baluchon;
			sourceTree = "<group>";
		};
		FA8F0F1E285F97F800967BDD /* Preview Content */ = {
			isa = PBXGroup;
			children = (
				FA8F0F1F285F97F800967BDD /* Preview Assets.xcassets */,
			);
			path = "Preview Content";
			sourceTree = "<group>";
		};
		FA8F0F28285F97F800967BDD /* BaluchonTests */ = {
			isa = PBXGroup;
			children = (
				FAD2F0FE286E137A0005621E /* CurrencyTests */,
				FAD2F0FD286E136D0005621E /* WeatherTests */,
				FAD2F0FC286E13550005621E /* TranslationTests */,
			);
			path = BaluchonTests;
			sourceTree = "<group>";
		};
		FA8F0F32285F97F800967BDD /* BaluchonUITests */ = {
			isa = PBXGroup;
			children = (
				FA8F0F33285F97F800967BDD /* BaluchonUITests.swift */,
				FA8F0F35285F97F800967BDD /* BaluchonUITestsLaunchTests.swift */,
			);
			path = BaluchonUITests;
			sourceTree = "<group>";
		};
		FA8F0F42285F9A0C00967BDD /* Network */ = {
			isa = PBXGroup;
			children = (
				FA8F0F43285F9A1500967BDD /* Services */,
				FA8F0F44285F9A4F00967BDD /* ApiService.swift */,
			);
			path = Network;
			sourceTree = "<group>";
		};
		FA8F0F43285F9A1500967BDD /* Services */ = {
			isa = PBXGroup;
			children = (
				FA8F0F55285FA01D00967BDD /* CurrencyService.swift */,
				FA8F0F5D285FA64400967BDD /* TranslationService.swift */,
				FA8F0F67285FBAC200967BDD /* WeatherService.swift */,
			);
			path = Services;
			sourceTree = "<group>";
		};
		FA8F0F48285F9AA100967BDD /* Model */ = {
			isa = PBXGroup;
			children = (
				FA8F0F57285FA03F00967BDD /* Currency.swift */,
				FA8F0F5F285FA66C00967BDD /* Translation.swift */,
				FA8F0F65285FBA5500967BDD /* Weather.swift */,
			);
			path = Model;
			sourceTree = "<group>";
		};
		FA8F0F49285F9AC200967BDD /* View */ = {
			isa = PBXGroup;
			children = (
				FA8F0F4A285F9ACD00967BDD /* Utils */,
				FA8F0F1A285F97F700967BDD /* ContentView.swift */,
				FA8F0F4D285F9C8600967BDD /* CurrencyView.swift */,
				FA8F0F63285FA79600967BDD /* TranslationView.swift */,
				FA8F0F51285F9CBC00967BDD /* WeatherView.swift */,
			);
			path = View;
			sourceTree = "<group>";
		};
		FA8F0F4A285F9ACD00967BDD /* Utils */ = {
			isa = PBXGroup;
			children = (
				FA8F0F53285F9D0600967BDD /* LoaderView.swift */,
			);
			path = Utils;
			sourceTree = "<group>";
		};
		FA8F0F4B285F9AD800967BDD /* ViewModel */ = {
			isa = PBXGroup;
			children = (
				FA8F0F59285FA13300967BDD /* CurrencyViewModel.swift */,
				FA8F0F61285FA71C00967BDD /* TranslationViewModel.swift */,
				FA8F0F69285FBB4700967BDD /* WeatherViewModel.swift */,
			);
			path = ViewModel;
			sourceTree = "<group>";
		};
		FA8F0F4C285F9AFA00967BDD /* Supporting Files */ = {
			isa = PBXGroup;
			children = (
				FA8F0F1C285F97F800967BDD /* Assets.xcassets */,
			);
			path = "Supporting Files";
			sourceTree = "<group>";
		};
		FAD2F0FC286E13550005621E /* TranslationTests */ = {
			isa = PBXGroup;
			children = (
				FACFFA19286851840067ACE2 /* TranslationViewModelTests.swift */,
				FAD2F103286E17010005621E /* MockTranslationService.swift */,
			);
			path = TranslationTests;
			sourceTree = "<group>";
		};
		FAD2F0FD286E136D0005621E /* WeatherTests */ = {
			isa = PBXGroup;
			children = (
				FACFFA172868515E0067ACE2 /* WeatherViewModelTests.swift */,
				FAD2F101286E16B10005621E /* MockWeatherService.swift */,
			);
			path = WeatherTests;
			sourceTree = "<group>";
		};
		FAD2F0FE286E137A0005621E /* CurrencyTests */ = {
			isa = PBXGroup;
			children = (
				FA8F0F5B285FA4A000967BDD /* CurrencyViewModelTests.swift */,
				FAD2F0FF286E16450005621E /* MockCurrencyService.swift */,
			);
			path = CurrencyTests;
			sourceTree = "<group>";
		};
/* End PBXGroup section */

/* Begin PBXNativeTarget section */
		FA8F0F14285F97F700967BDD /* Baluchon */ = {
			isa = PBXNativeTarget;
			buildConfigurationList = FA8F0F39285F97F800967BDD /* Build configuration list for PBXNativeTarget "Baluchon" */;
			buildPhases = (
				FA8F0F11285F97F700967BDD /* Sources */,
				FA8F0F12285F97F700967BDD /* Frameworks */,
				FA8F0F13285F97F700967BDD /* Resources */,
			);
			buildRules = (
			);
			dependencies = (
			);
			name = Baluchon;
			productName = Baluchon;
			productReference = FA8F0F15285F97F700967BDD /* Baluchon.app */;
			productType = "com.apple.product-type.application";
		};
		FA8F0F24285F97F800967BDD /* BaluchonTests */ = {
			isa = PBXNativeTarget;
			buildConfigurationList = FA8F0F3C285F97F800967BDD /* Build configuration list for PBXNativeTarget "BaluchonTests" */;
			buildPhases = (
				FA8F0F21285F97F800967BDD /* Sources */,
				FA8F0F22285F97F800967BDD /* Frameworks */,
				FA8F0F23285F97F800967BDD /* Resources */,
			);
			buildRules = (
			);
			dependencies = (
				FA8F0F27285F97F800967BDD /* PBXTargetDependency */,
			);
			name = BaluchonTests;
			productName = BaluchonTests;
			productReference = FA8F0F25285F97F800967BDD /* BaluchonTests.xctest */;
			productType = "com.apple.product-type.bundle.unit-test";
		};
		FA8F0F2E285F97F800967BDD /* BaluchonUITests */ = {
			isa = PBXNativeTarget;
			buildConfigurationList = FA8F0F3F285F97F800967BDD /* Build configuration list for PBXNativeTarget "BaluchonUITests" */;
			buildPhases = (
				FA8F0F2B285F97F800967BDD /* Sources */,
				FA8F0F2C285F97F800967BDD /* Frameworks */,
				FA8F0F2D285F97F800967BDD /* Resources */,
			);
			buildRules = (
			);
			dependencies = (
				FA8F0F31285F97F800967BDD /* PBXTargetDependency */,
			);
			name = BaluchonUITests;
			productName = BaluchonUITests;
			productReference = FA8F0F2F285F97F800967BDD /* BaluchonUITests.xctest */;
			productType = "com.apple.product-type.bundle.ui-testing";
		};
/* End PBXNativeTarget section */

/* Begin PBXProject section */
		FA8F0F0D285F97F700967BDD /* Project object */ = {
			isa = PBXProject;
			attributes = {
				BuildIndependentTargetsInParallel = 1;
				LastSwiftUpdateCheck = 1340;
				LastUpgradeCheck = 1340;
				TargetAttributes = {
					FA8F0F14285F97F700967BDD = {
						CreatedOnToolsVersion = 13.4.1;
					};
					FA8F0F24285F97F800967BDD = {
						CreatedOnToolsVersion = 13.4.1;
						TestTargetID = FA8F0F14285F97F700967BDD;
					};
					FA8F0F2E285F97F800967BDD = {
						CreatedOnToolsVersion = 13.4.1;
						TestTargetID = FA8F0F14285F97F700967BDD;
					};
				};
			};
			buildConfigurationList = FA8F0F10285F97F700967BDD /* Build configuration list for PBXProject "Baluchon" */;
			compatibilityVersion = "Xcode 13.0";
			developmentRegion = en;
			hasScannedForEncodings = 0;
			knownRegions = (
				en,
				Base,
				fr,
			);
			mainGroup = FA8F0F0C285F97F700967BDD;
			productRefGroup = FA8F0F16285F97F700967BDD /* Products */;
			projectDirPath = "";
			projectRoot = "";
			targets = (
				FA8F0F14285F97F700967BDD /* Baluchon */,
				FA8F0F24285F97F800967BDD /* BaluchonTests */,
				FA8F0F2E285F97F800967BDD /* BaluchonUITests */,
			);
		};
/* End PBXProject section */

/* Begin PBXResourcesBuildPhase section */
		FA8F0F13285F97F700967BDD /* Resources */ = {
			isa = PBXResourcesBuildPhase;
			buildActionMask = 2147483647;
			files = (
				FA8F0F20285F97F800967BDD /* Preview Assets.xcassets in Resources */,
				FACFFA1D286A01E90067ACE2 /* Localizable.strings in Resources */,
				FA8F0F1D285F97F800967BDD /* Assets.xcassets in Resources */,
			);
			runOnlyForDeploymentPostprocessing = 0;
		};
		FA8F0F23285F97F800967BDD /* Resources */ = {
			isa = PBXResourcesBuildPhase;
			buildActionMask = 2147483647;
			files = (
			);
			runOnlyForDeploymentPostprocessing = 0;
		};
		FA8F0F2D285F97F800967BDD /* Resources */ = {
			isa = PBXResourcesBuildPhase;
			buildActionMask = 2147483647;
			files = (
			);
			runOnlyForDeploymentPostprocessing = 0;
		};
/* End PBXResourcesBuildPhase section */

/* Begin PBXSourcesBuildPhase section */
		FA8F0F11285F97F700967BDD /* Sources */ = {
			isa = PBXSourcesBuildPhase;
			buildActionMask = 2147483647;
			files = (
				FA8F0F68285FBAC200967BDD /* WeatherService.swift in Sources */,
				FA8F0F1B285F97F700967BDD /* ContentView.swift in Sources */,
				FA8F0F5A285FA13300967BDD /* CurrencyViewModel.swift in Sources */,
				FA8F0F56285FA01D00967BDD /* CurrencyService.swift in Sources */,
				FA8F0F4E285F9C8600967BDD /* CurrencyView.swift in Sources */,
				FA8F0F66285FBA5500967BDD /* Weather.swift in Sources */,
				FA8F0F60285FA66C00967BDD /* Translation.swift in Sources */,
				FA8F0F19285F97F700967BDD /* BaluchonApp.swift in Sources */,
				FA8F0F58285FA03F00967BDD /* Currency.swift in Sources */,
				FA8F0F54285F9D0600967BDD /* LoaderView.swift in Sources */,
				FA8F0F6A285FBB4700967BDD /* WeatherViewModel.swift in Sources */,
				FA8F0F62285FA71C00967BDD /* TranslationViewModel.swift in Sources */,
				FA8F0F64285FA79600967BDD /* TranslationView.swift in Sources */,
				FA8F0F52285F9CBC00967BDD /* WeatherView.swift in Sources */,
				FA8F0F45285F9A4F00967BDD /* ApiService.swift in Sources */,
				FA8F0F5E285FA64400967BDD /* TranslationService.swift in Sources */,
			);
			runOnlyForDeploymentPostprocessing = 0;
		};
		FA8F0F21285F97F800967BDD /* Sources */ = {
			isa = PBXSourcesBuildPhase;
			buildActionMask = 2147483647;
			files = (
				FACFFA1A286851840067ACE2 /* TranslationViewModelTests.swift in Sources */,
				FA8F0F5C285FA4A000967BDD /* CurrencyViewModelTests.swift in Sources */,
				FAD2F100286E16450005621E /* MockCurrencyService.swift in Sources */,
				FAD2F104286E17010005621E /* MockTranslationService.swift in Sources */,
				FACFFA182868515E0067ACE2 /* WeatherViewModelTests.swift in Sources */,
				FAD2F102286E16B10005621E /* MockWeatherService.swift in Sources */,
			);
			runOnlyForDeploymentPostprocessing = 0;
		};
		FA8F0F2B285F97F800967BDD /* Sources */ = {
			isa = PBXSourcesBuildPhase;
			buildActionMask = 2147483647;
			files = (
				FA8F0F36285F97F800967BDD /* BaluchonUITestsLaunchTests.swift in Sources */,
				FA8F0F34285F97F800967BDD /* BaluchonUITests.swift in Sources */,
			);
			runOnlyForDeploymentPostprocessing = 0;
		};
/* End PBXSourcesBuildPhase section */

/* Begin PBXTargetDependency section */
		FA8F0F27285F97F800967BDD /* PBXTargetDependency */ = {
			isa = PBXTargetDependency;
			target = FA8F0F14285F97F700967BDD /* Baluchon */;
			targetProxy = FA8F0F26285F97F800967BDD /* PBXContainerItemProxy */;
		};
		FA8F0F31285F97F800967BDD /* PBXTargetDependency */ = {
			isa = PBXTargetDependency;
			target = FA8F0F14285F97F700967BDD /* Baluchon */;
			targetProxy = FA8F0F30285F97F800967BDD /* PBXContainerItemProxy */;
		};
/* End PBXTargetDependency section */

/* Begin PBXVariantGroup section */
		FACFFA1F286A01E90067ACE2 /* Localizable.strings */ = {
			isa = PBXVariantGroup;
			children = (
				FACFFA1E286A01E90067ACE2 /* en */,
				FACFFA20286A022B0067ACE2 /* fr */,
			);
			name = Localizable.strings;
			sourceTree = "<group>";
		};
/* End PBXVariantGroup section */

/* Begin XCBuildConfiguration section */
		FA8F0F37285F97F800967BDD /* Debug */ = {
			isa = XCBuildConfiguration;
			buildSettings = {
				ALWAYS_SEARCH_USER_PATHS = NO;
				CLANG_ANALYZER_LOCALIZABILITY_NONLOCALIZED = YES;
				CLANG_ANALYZER_NONNULL = YES;
				CLANG_ANALYZER_NUMBER_OBJECT_CONVERSION = YES_AGGRESSIVE;
				CLANG_CXX_LANGUAGE_STANDARD = "gnu++17";
				CLANG_ENABLE_MODULES = YES;
				CLANG_ENABLE_OBJC_ARC = YES;
				CLANG_ENABLE_OBJC_WEAK = YES;
				CLANG_WARN_BLOCK_CAPTURE_AUTORELEASING = YES;
				CLANG_WARN_BOOL_CONVERSION = YES;
				CLANG_WARN_COMMA = YES;
				CLANG_WARN_CONSTANT_CONVERSION = YES;
				CLANG_WARN_DEPRECATED_OBJC_IMPLEMENTATIONS = YES;
				CLANG_WARN_DIRECT_OBJC_ISA_USAGE = YES_ERROR;
				CLANG_WARN_DOCUMENTATION_COMMENTS = YES;
				CLANG_WARN_EMPTY_BODY = YES;
				CLANG_WARN_ENUM_CONVERSION = YES;
				CLANG_WARN_INFINITE_RECURSION = YES;
				CLANG_WARN_INT_CONVERSION = YES;
				CLANG_WARN_NON_LITERAL_NULL_CONVERSION = YES;
				CLANG_WARN_OBJC_IMPLICIT_RETAIN_SELF = YES;
				CLANG_WARN_OBJC_LITERAL_CONVERSION = YES;
				CLANG_WARN_OBJC_ROOT_CLASS = YES_ERROR;
				CLANG_WARN_QUOTED_INCLUDE_IN_FRAMEWORK_HEADER = YES;
				CLANG_WARN_RANGE_LOOP_ANALYSIS = YES;
				CLANG_WARN_STRICT_PROTOTYPES = YES;
				CLANG_WARN_SUSPICIOUS_MOVE = YES;
				CLANG_WARN_UNGUARDED_AVAILABILITY = YES_AGGRESSIVE;
				CLANG_WARN_UNREACHABLE_CODE = YES;
				CLANG_WARN__DUPLICATE_METHOD_MATCH = YES;
				COPY_PHASE_STRIP = NO;
				DEBUG_INFORMATION_FORMAT = dwarf;
				ENABLE_STRICT_OBJC_MSGSEND = YES;
				ENABLE_TESTABILITY = YES;
				GCC_C_LANGUAGE_STANDARD = gnu11;
				GCC_DYNAMIC_NO_PIC = NO;
				GCC_NO_COMMON_BLOCKS = YES;
				GCC_OPTIMIZATION_LEVEL = 0;
				GCC_PREPROCESSOR_DEFINITIONS = (
					"DEBUG=1",
					"$(inherited)",
				);
				GCC_WARN_64_TO_32_BIT_CONVERSION = YES;
				GCC_WARN_ABOUT_RETURN_TYPE = YES_ERROR;
				GCC_WARN_UNDECLARED_SELECTOR = YES;
				GCC_WARN_UNINITIALIZED_AUTOS = YES_AGGRESSIVE;
				GCC_WARN_UNUSED_FUNCTION = YES;
				GCC_WARN_UNUSED_VARIABLE = YES;
				IPHONEOS_DEPLOYMENT_TARGET = 15.5;
				MTL_ENABLE_DEBUG_INFO = INCLUDE_SOURCE;
				MTL_FAST_MATH = YES;
				ONLY_ACTIVE_ARCH = YES;
				SDKROOT = iphoneos;
				SWIFT_ACTIVE_COMPILATION_CONDITIONS = DEBUG;
				SWIFT_OPTIMIZATION_LEVEL = "-Onone";
			};
			name = Debug;
		};
		FA8F0F38285F97F800967BDD /* Release */ = {
			isa = XCBuildConfiguration;
			buildSettings = {
				ALWAYS_SEARCH_USER_PATHS = NO;
				CLANG_ANALYZER_LOCALIZABILITY_NONLOCALIZED = YES;
				CLANG_ANALYZER_NONNULL = YES;
				CLANG_ANALYZER_NUMBER_OBJECT_CONVERSION = YES_AGGRESSIVE;
				CLANG_CXX_LANGUAGE_STANDARD = "gnu++17";
				CLANG_ENABLE_MODULES = YES;
				CLANG_ENABLE_OBJC_ARC = YES;
				CLANG_ENABLE_OBJC_WEAK = YES;
				CLANG_WARN_BLOCK_CAPTURE_AUTORELEASING = YES;
				CLANG_WARN_BOOL_CONVERSION = YES;
				CLANG_WARN_COMMA = YES;
				CLANG_WARN_CONSTANT_CONVERSION = YES;
				CLANG_WARN_DEPRECATED_OBJC_IMPLEMENTATIONS = YES;
				CLANG_WARN_DIRECT_OBJC_ISA_USAGE = YES_ERROR;
				CLANG_WARN_DOCUMENTATION_COMMENTS = YES;
				CLANG_WARN_EMPTY_BODY = YES;
				CLANG_WARN_ENUM_CONVERSION = YES;
				CLANG_WARN_INFINITE_RECURSION = YES;
				CLANG_WARN_INT_CONVERSION = YES;
				CLANG_WARN_NON_LITERAL_NULL_CONVERSION = YES;
				CLANG_WARN_OBJC_IMPLICIT_RETAIN_SELF = YES;
				CLANG_WARN_OBJC_LITERAL_CONVERSION = YES;
				CLANG_WARN_OBJC_ROOT_CLASS = YES_ERROR;
				CLANG_WARN_QUOTED_INCLUDE_IN_FRAMEWORK_HEADER = YES;
				CLANG_WARN_RANGE_LOOP_ANALYSIS = YES;
				CLANG_WARN_STRICT_PROTOTYPES = YES;
				CLANG_WARN_SUSPICIOUS_MOVE = YES;
				CLANG_WARN_UNGUARDED_AVAILABILITY = YES_AGGRESSIVE;
				CLANG_WARN_UNREACHABLE_CODE = YES;
				CLANG_WARN__DUPLICATE_METHOD_MATCH = YES;
				COPY_PHASE_STRIP = NO;
				DEBUG_INFORMATION_FORMAT = "dwarf-with-dsym";
				ENABLE_NS_ASSERTIONS = NO;
				ENABLE_STRICT_OBJC_MSGSEND = YES;
				GCC_C_LANGUAGE_STANDARD = gnu11;
				GCC_NO_COMMON_BLOCKS = YES;
				GCC_WARN_64_TO_32_BIT_CONVERSION = YES;
				GCC_WARN_ABOUT_RETURN_TYPE = YES_ERROR;
				GCC_WARN_UNDECLARED_SELECTOR = YES;
				GCC_WARN_UNINITIALIZED_AUTOS = YES_AGGRESSIVE;
				GCC_WARN_UNUSED_FUNCTION = YES;
				GCC_WARN_UNUSED_VARIABLE = YES;
				IPHONEOS_DEPLOYMENT_TARGET = 15.5;
				MTL_ENABLE_DEBUG_INFO = NO;
				MTL_FAST_MATH = YES;
				SDKROOT = iphoneos;
				SWIFT_COMPILATION_MODE = wholemodule;
				SWIFT_OPTIMIZATION_LEVEL = "-O";
				VALIDATE_PRODUCT = YES;
			};
			name = Release;
		};
		FA8F0F3A285F97F800967BDD /* Debug */ = {
			isa = XCBuildConfiguration;
			buildSettings = {
				ASSETCATALOG_COMPILER_APPICON_NAME = AppIcon;
				ASSETCATALOG_COMPILER_GLOBAL_ACCENT_COLOR_NAME = AccentColor;
				CODE_SIGN_STYLE = Automatic;
				CURRENT_PROJECT_VERSION = 1;
				DEVELOPMENT_ASSET_PATHS = "\"Baluchon/Preview Content\"";
				DEVELOPMENT_TEAM = YV7MJBA2GX;
				ENABLE_PREVIEWS = YES;
				GENERATE_INFOPLIST_FILE = YES;
				INFOPLIST_KEY_UIApplicationSceneManifest_Generation = YES;
				INFOPLIST_KEY_UIApplicationSupportsIndirectInputEvents = YES;
				INFOPLIST_KEY_UILaunchScreen_Generation = YES;
				INFOPLIST_KEY_UISupportedInterfaceOrientations_iPad = "UIInterfaceOrientationPortrait UIInterfaceOrientationPortraitUpsideDown UIInterfaceOrientationLandscapeLeft UIInterfaceOrientationLandscapeRight";
				INFOPLIST_KEY_UISupportedInterfaceOrientations_iPhone = "UIInterfaceOrientationPortrait UIInterfaceOrientationLandscapeLeft UIInterfaceOrientationLandscapeRight";
				LD_RUNPATH_SEARCH_PATHS = (
					"$(inherited)",
					"@executable_path/Frameworks",
				);
				MARKETING_VERSION = 1.0;
				PRODUCT_BUNDLE_IDENTIFIER = com.pierre.Baluchon;
				PRODUCT_NAME = "$(TARGET_NAME)";
				SWIFT_EMIT_LOC_STRINGS = YES;
				SWIFT_VERSION = 5.0;
				TARGETED_DEVICE_FAMILY = 1;
			};
			name = Debug;
		};
		FA8F0F3B285F97F800967BDD /* Release */ = {
			isa = XCBuildConfiguration;
			buildSettings = {
				ASSETCATALOG_COMPILER_APPICON_NAME = AppIcon;
				ASSETCATALOG_COMPILER_GLOBAL_ACCENT_COLOR_NAME = AccentColor;
				CODE_SIGN_STYLE = Automatic;
				CURRENT_PROJECT_VERSION = 1;
				DEVELOPMENT_ASSET_PATHS = "\"Baluchon/Preview Content\"";
				DEVELOPMENT_TEAM = YV7MJBA2GX;
				ENABLE_PREVIEWS = YES;
				GENERATE_INFOPLIST_FILE = YES;
				INFOPLIST_KEY_UIApplicationSceneManifest_Generation = YES;
				INFOPLIST_KEY_UIApplicationSupportsIndirectInputEvents = YES;
				INFOPLIST_KEY_UILaunchScreen_Generation = YES;
				INFOPLIST_KEY_UISupportedInterfaceOrientations_iPad = "UIInterfaceOrientationPortrait UIInterfaceOrientationPortraitUpsideDown UIInterfaceOrientationLandscapeLeft UIInterfaceOrientationLandscapeRight";
				INFOPLIST_KEY_UISupportedInterfaceOrientations_iPhone = "UIInterfaceOrientationPortrait UIInterfaceOrientationLandscapeLeft UIInterfaceOrientationLandscapeRight";
				LD_RUNPATH_SEARCH_PATHS = (
					"$(inherited)",
					"@executable_path/Frameworks",
				);
				MARKETING_VERSION = 1.0;
				PRODUCT_BUNDLE_IDENTIFIER = com.pierre.Baluchon;
				PRODUCT_NAME = "$(TARGET_NAME)";
				SWIFT_EMIT_LOC_STRINGS = YES;
				SWIFT_VERSION = 5.0;
				TARGETED_DEVICE_FAMILY = 1;
			};
			name = Release;
		};
		FA8F0F3D285F97F800967BDD /* Debug */ = {
			isa = XCBuildConfiguration;
			buildSettings = {
				ALWAYS_EMBED_SWIFT_STANDARD_LIBRARIES = YES;
				BUNDLE_LOADER = "$(TEST_HOST)";
				CODE_SIGN_STYLE = Automatic;
				CURRENT_PROJECT_VERSION = 1;
				DEVELOPMENT_TEAM = YV7MJBA2GX;
				GENERATE_INFOPLIST_FILE = YES;
				IPHONEOS_DEPLOYMENT_TARGET = 15.5;
				MARKETING_VERSION = 1.0;
				PRODUCT_BUNDLE_IDENTIFIER = com.pierre.BaluchonTests;
				PRODUCT_NAME = "$(TARGET_NAME)";
				SWIFT_EMIT_LOC_STRINGS = NO;
				SWIFT_VERSION = 5.0;
				TARGETED_DEVICE_FAMILY = "1,2";
				TEST_HOST = "$(BUILT_PRODUCTS_DIR)/Baluchon.app/Baluchon";
			};
			name = Debug;
		};
		FA8F0F3E285F97F800967BDD /* Release */ = {
			isa = XCBuildConfiguration;
			buildSettings = {
				ALWAYS_EMBED_SWIFT_STANDARD_LIBRARIES = YES;
				BUNDLE_LOADER = "$(TEST_HOST)";
				CODE_SIGN_STYLE = Automatic;
				CURRENT_PROJECT_VERSION = 1;
				DEVELOPMENT_TEAM = YV7MJBA2GX;
				GENERATE_INFOPLIST_FILE = YES;
				IPHONEOS_DEPLOYMENT_TARGET = 15.5;
				MARKETING_VERSION = 1.0;
				PRODUCT_BUNDLE_IDENTIFIER = com.pierre.BaluchonTests;
				PRODUCT_NAME = "$(TARGET_NAME)";
				SWIFT_EMIT_LOC_STRINGS = NO;
				SWIFT_VERSION = 5.0;
				TARGETED_DEVICE_FAMILY = "1,2";
				TEST_HOST = "$(BUILT_PRODUCTS_DIR)/Baluchon.app/Baluchon";
			};
			name = Release;
		};
		FA8F0F40285F97F800967BDD /* Debug */ = {
			isa = XCBuildConfiguration;
			buildSettings = {
				ALWAYS_EMBED_SWIFT_STANDARD_LIBRARIES = YES;
				CODE_SIGN_STYLE = Automatic;
				CURRENT_PROJECT_VERSION = 1;
				DEVELOPMENT_TEAM = YV7MJBA2GX;
				GENERATE_INFOPLIST_FILE = YES;
				MARKETING_VERSION = 1.0;
				PRODUCT_BUNDLE_IDENTIFIER = com.pierre.BaluchonUITests;
				PRODUCT_NAME = "$(TARGET_NAME)";
				SWIFT_EMIT_LOC_STRINGS = NO;
				SWIFT_VERSION = 5.0;
				TARGETED_DEVICE_FAMILY = "1,2";
				TEST_TARGET_NAME = Baluchon;
			};
			name = Debug;
		};
		FA8F0F41285F97F800967BDD /* Release */ = {
			isa = XCBuildConfiguration;
			buildSettings = {
				ALWAYS_EMBED_SWIFT_STANDARD_LIBRARIES = YES;
				CODE_SIGN_STYLE = Automatic;
				CURRENT_PROJECT_VERSION = 1;
				DEVELOPMENT_TEAM = YV7MJBA2GX;
				GENERATE_INFOPLIST_FILE = YES;
				MARKETING_VERSION = 1.0;
				PRODUCT_BUNDLE_IDENTIFIER = com.pierre.BaluchonUITests;
				PRODUCT_NAME = "$(TARGET_NAME)";
				SWIFT_EMIT_LOC_STRINGS = NO;
				SWIFT_VERSION = 5.0;
				TARGETED_DEVICE_FAMILY = "1,2";
				TEST_TARGET_NAME = Baluchon;
			};
			name = Release;
		};
/* End XCBuildConfiguration section */

/* Begin XCConfigurationList section */
		FA8F0F10285F97F700967BDD /* Build configuration list for PBXProject "Baluchon" */ = {
			isa = XCConfigurationList;
			buildConfigurations = (
				FA8F0F37285F97F800967BDD /* Debug */,
				FA8F0F38285F97F800967BDD /* Release */,
			);
			defaultConfigurationIsVisible = 0;
			defaultConfigurationName = Release;
		};
		FA8F0F39285F97F800967BDD /* Build configuration list for PBXNativeTarget "Baluchon" */ = {
			isa = XCConfigurationList;
			buildConfigurations = (
				FA8F0F3A285F97F800967BDD /* Debug */,
				FA8F0F3B285F97F800967BDD /* Release */,
			);
			defaultConfigurationIsVisible = 0;
			defaultConfigurationName = Release;
		};
		FA8F0F3C285F97F800967BDD /* Build configuration list for PBXNativeTarget "BaluchonTests" */ = {
			isa = XCConfigurationList;
			buildConfigurations = (
				FA8F0F3D285F97F800967BDD /* Debug */,
				FA8F0F3E285F97F800967BDD /* Release */,
			);
			defaultConfigurationIsVisible = 0;
			defaultConfigurationName = Release;
		};
		FA8F0F3F285F97F800967BDD /* Build configuration list for PBXNativeTarget "BaluchonUITests" */ = {
			isa = XCConfigurationList;
			buildConfigurations = (
				FA8F0F40285F97F800967BDD /* Debug */,
				FA8F0F41285F97F800967BDD /* Release */,
			);
			defaultConfigurationIsVisible = 0;
			defaultConfigurationName = Release;
		};
/* End XCConfigurationList section */
	};
	rootObject = FA8F0F0D285F97F700967BDD /* Project object */;
}
